
Microsoft Visual Studio Solution File, Format Version 11.00
# Visual Studio 2010
Project("{FAE04EC0-301F-11D3-BF4B-00C04F79EFBC}") = "Discovery", "Discovery\Discovery.csproj", "{3F0E88C2-B765-45FC-8503-BD3673C4D2A6}"
EndProject
Project("{FAE04EC0-301F-11D3-BF4B-00C04F79EFBC}") = "Discovery.Library", "Discovery.Library\Discovery.Library.csproj", "{A3230153-D790-427D-A969-69A47FA65222}"
EndProject
Global
	GlobalSection(SolutionConfigurationPlatforms) = preSolution
		Debug|Any CPU = Debug|Any CPU
		Debug|Mixed Platforms = Debug|Mixed Platforms
		Debug|x86 = Debug|x86
		Release|Any CPU = Release|Any CPU
		Release|Mixed Platforms = Release|Mixed Platforms
		Release|x86 = Release|x86
	EndGlobalSection
	GlobalSection(ProjectConfigurationPlatforms) = postSolution
		{3F0E88C2-B765-45FC-8503-BD3673C4D2A6}.Debug|Any CPU.ActiveCfg = Debug|x86
		{3F0E88C2-B765-45FC-8503-BD3673C4D2A6}.Debug|Mixed Platforms.ActiveCfg = Debug|x86
		{3F0E88C2-B765-45FC-8503-BD3673C4D2A6}.Debug|Mixed Platforms.Build.0 = Debug|x86
		{3F0E88C2-B765-45FC-8503-BD3673C4D2A6}.Debug|x86.ActiveCfg = Debug|x86
		{3F0E88C2-B765-45FC-8503-BD3673C4D2A6}.Debug|x86.Build.0 = Debug|x86
		{3F0E88C2-B765-45FC-8503-BD3673C4D2A6}.Release|Any CPU.ActiveCfg = Release|x86
		{3F0E88C2-B765-45FC-8503-BD3673C4D2A6}.Release|Mixed Platforms.ActiveCfg = Release|x86
		{3F0E88C2-B765-45FC-8503-BD3673C4D2A6}.Release|Mixed Platforms.Build.0 = Release|x86
		{3F0E88C2-B765-45FC-8503-BD3673C4D2A6}.Release|x86.ActiveCfg = Release|x86
		{3F0E88C2-B765-45FC-8503-BD3673C4D2A6}.Release|x86.Build.0 = Release|x86
		{A3230153-D790-427D-A969-69A47FA65222}.Debug|Any CPU.ActiveCfg = Debug|Any CPU
		{A3230153-D790-427D-A969-69A47FA65222}.Debug|Any CPU.Build.0 = Debug|Any CPU
		{A3230153-D790-427D-A969-69A47FA65222}.Debug|Mixed Platforms.ActiveCfg = Debug|Any CPU
		{A3230153-D790-427D-A969-69A47FA65222}.Debug|Mixed Platforms.Build.0 = Debug|Any CPU
		{A3230153-D790-427D-A969-69A47FA65222}.Debug|x86.ActiveCfg = Debug|Any CPU
		{A3230153-D790-427D-A969-69A47FA65222}.Release|Any CPU.ActiveCfg = Release|Any CPU
		{A3230153-D790-427D-A969-69A47FA65222}.Release|Any CPU.Build.0 = Release|Any CPU
		{A3230153-D790-427D-A969-69A47FA65222}.Release|Mixed Platforms.ActiveCfg = Release|Any CPU
		{A3230153-D790-427D-A969-69A47FA65222}.Release|Mixed Platforms.Build.0 = Release|Any CPU
		{A3230153-D790-427D-A969-69A47FA65222}.Release|x86.ActiveCfg = Release|Any CPU
	EndGlobalSection
	GlobalSection(SolutionProperties) = preSolution
		HideSolutionNode = FALSE
	EndGlobalSection
EndGlobal
